
Microsoft Visual Studio Solution File, Format Version 12.00
# Visual Studio Version 16
VisualStudioVersion = 16.0.33801.447
MinimumVisualStudioVersion = 10.0.40219.1
Project("{FAE04EC0-301F-11D3-BF4B-00C04F79EFBC}") = "ConsoleApp1", "ConsoleApp1.csproj", "{E65F99ED-6E25-48C3-9877-91E40BA85E84}"
EndProject
Global
	GlobalSection(SolutionConfigurationPlatforms) = preSolution
		Debug|Any CPU = Debug|Any CPU
		Release|Any CPU = Release|Any CPU
	EndGlobalSection
	GlobalSection(ProjectConfigurationPlatforms) = postSolution
		{E65F99ED-6E25-48C3-9877-91E40BA85E84}.Debug|Any CPU.ActiveCfg = Debug|Any CPU
		{E65F99ED-6E25-48C3-9877-91E40BA85E84}.Debug|Any CPU.Build.0 = Debug|Any CPU
		{E65F99ED-6E25-48C3-9877-91E40BA85E84}.Release|Any CPU.ActiveCfg = Release|Any CPU
		{E65F99ED-6E25-48C3-9877-91E40BA85E84}.Release|Any CPU.Build.0 = Release|Any CPU
	EndGlobalSection
	GlobalSection(SolutionProperties) = preSolution
		HideSolutionNode = FALSE
	EndGlobalSection
	GlobalSection(ExtensibilityGlobals) = postSolution
		SolutionGuid = {ED9A66DE-1A0E-42AF-A040-70914CF4889A}
	EndGlobalSection
EndGlobal
